
Microsoft Visual Studio Solution File, Format Version 12.00
# Visual Studio 2012
Project("{FAE04EC0-301F-11D3-BF4B-00C04F79EFBC}") = "TSP", "TSP\TSP.csproj", "{63EDB632-A2B8-4459-B15B-B54CD88AF866}"
EndProject
Project("{FAE04EC0-301F-11D3-BF4B-00C04F79EFBC}") = "C5", "..\..\..\Desktop\Winter 2015\CS 312\C5.src\C5\C5.csproj", "{D70489CD-ABDA-48FF-BD1E-BE3F7495BE71}"
EndProject
Global
	GlobalSection(SolutionConfigurationPlatforms) = preSolution
		Debug|Any CPU = Debug|Any CPU
		DebugSnk|Any CPU = DebugSnk|Any CPU
		Release|Any CPU = Release|Any CPU
		ReleaseSnk|Any CPU = ReleaseSnk|Any CPU
	EndGlobalSection
	GlobalSection(ProjectConfigurationPlatforms) = postSolution
		{63EDB632-A2B8-4459-B15B-B54CD88AF866}.Debug|Any CPU.ActiveCfg = Debug|Any CPU
		{63EDB632-A2B8-4459-B15B-B54CD88AF866}.Debug|Any CPU.Build.0 = Debug|Any CPU
		{63EDB632-A2B8-4459-B15B-B54CD88AF866}.DebugSnk|Any CPU.ActiveCfg = Debug|Any CPU
		{63EDB632-A2B8-4459-B15B-B54CD88AF866}.DebugSnk|Any CPU.Build.0 = Debug|Any CPU
		{63EDB632-A2B8-4459-B15B-B54CD88AF866}.Release|Any CPU.ActiveCfg = Release|Any CPU
		{63EDB632-A2B8-4459-B15B-B54CD88AF866}.Release|Any CPU.Build.0 = Release|Any CPU
		{63EDB632-A2B8-4459-B15B-B54CD88AF866}.ReleaseSnk|Any CPU.ActiveCfg = Release|Any CPU
		{63EDB632-A2B8-4459-B15B-B54CD88AF866}.ReleaseSnk|Any CPU.Build.0 = Release|Any CPU
		{D70489CD-ABDA-48FF-BD1E-BE3F7495BE71}.Debug|Any CPU.ActiveCfg = Debug|Any CPU
		{D70489CD-ABDA-48FF-BD1E-BE3F7495BE71}.Debug|Any CPU.Build.0 = Debug|Any CPU
		{D70489CD-ABDA-48FF-BD1E-BE3F7495BE71}.DebugSnk|Any CPU.ActiveCfg = DebugSnk|Any CPU
		{D70489CD-ABDA-48FF-BD1E-BE3F7495BE71}.DebugSnk|Any CPU.Build.0 = DebugSnk|Any CPU
		{D70489CD-ABDA-48FF-BD1E-BE3F7495BE71}.Release|Any CPU.ActiveCfg = Release|Any CPU
		{D70489CD-ABDA-48FF-BD1E-BE3F7495BE71}.Release|Any CPU.Build.0 = Release|Any CPU
		{D70489CD-ABDA-48FF-BD1E-BE3F7495BE71}.ReleaseSnk|Any CPU.ActiveCfg = ReleaseSnk|Any CPU
		{D70489CD-ABDA-48FF-BD1E-BE3F7495BE71}.ReleaseSnk|Any CPU.Build.0 = ReleaseSnk|Any CPU
	EndGlobalSection
	GlobalSection(SolutionProperties) = preSolution
		HideSolutionNode = FALSE
	EndGlobalSection
EndGlobal
